
Microsoft Visual Studio Solution File, Format Version 12.00
# Visual Studio Version 17
VisualStudioVersion = 17.12.35527.113
MinimumVisualStudioVersion = 10.0.40219.1
Project("{FAE04EC0-301F-11D3-BF4B-00C04F79EFBC}") = "CT_Fas", "CT_Fas\CT_Fas.csproj", "{A83C9528-9EE0-41F8-B599-06554DB8F396}"
EndProject
Global
	GlobalSection(SolutionConfigurationPlatforms) = preSolution
		Debug|Any CPU = Debug|Any CPU
		Release|Any CPU = Release|Any CPU
	EndGlobalSection
	GlobalSection(ProjectConfigurationPlatforms) = postSolution
		{A83C9528-9EE0-41F8-B599-06554DB8F396}.Debug|Any CPU.ActiveCfg = Debug|Any CPU
		{A83C9528-9EE0-41F8-B599-06554DB8F396}.Debug|Any CPU.Build.0 = Debug|Any CPU
		{A83C9528-9EE0-41F8-B599-06554DB8F396}.Release|Any CPU.ActiveCfg = Release|Any CPU
		{A83C9528-9EE0-41F8-B599-06554DB8F396}.Release|Any CPU.Build.0 = Release|Any CPU
	EndGlobalSection
	GlobalSection(SolutionProperties) = preSolution
		HideSolutionNode = FALSE
	EndGlobalSection
EndGlobal
